Microsoft Visual Studio Solution File, Format Version 12.00
# Visual Studio 15
VisualStudioVersion = 15.0.26730.16
MinimumVisualStudioVersion = 10.0.40219.1
Project("{9A19103F-16F7-4668-BE54-9A1E7A4F7556}") = "nfl.fantasy.sanchez.bowl.app", "nfl.fantasy.sanchez.bowl.app\nfl.fantasy.sanchez.bowl.app.csproj", "{B52289FE-B7D6-4201-B0E7-704AC9A89250}"
EndProject
Project("{9A19103F-16F7-4668-BE54-9A1E7A4F7556}") = "nfl.fantasy.sanchez.bowl.domain", "nfl.fantasy.sanchez.bowl.domain\nfl.fantasy.sanchez.bowl.domain.csproj", "{ED6B4850-C3D9-4C8A-9FC3-E6C5281CDF75}"
EndProject
Project("{9A19103F-16F7-4668-BE54-9A1E7A4F7556}") = "nfl.fantasy.sanchez.bowl.mstests", "nfl.fantasy.sanchez.bowl.mstests\nfl.fantasy.sanchez.bowl.mstests.csproj", "{6292C73B-C0E4-46A5-9F3A-E38FA141833F}"
EndProject
Project("{FAE04EC0-301F-11D3-BF4B-00C04F79EFBC}") = "UnitTestProject1", "UnitTestProject1\UnitTestProject1.csproj", "{272CC900-196D-4686-A717-D71C3840FA90}"
EndProject
Global
	GlobalSection(SolutionConfigurationPlatforms) = preSolution
		Debug|Any CPU = Debug|Any CPU
		Release|Any CPU = Release|Any CPU
	EndGlobalSection
	GlobalSection(ProjectConfigurationPlatforms) = postSolution
		{B52289FE-B7D6-4201-B0E7-704AC9A89250}.Debug|Any CPU.ActiveCfg = Debug|Any CPU
		{B52289FE-B7D6-4201-B0E7-704AC9A89250}.Debug|Any CPU.Build.0 = Debug|Any CPU
		{B52289FE-B7D6-4201-B0E7-704AC9A89250}.Release|Any CPU.ActiveCfg = Release|Any CPU
		{B52289FE-B7D6-4201-B0E7-704AC9A89250}.Release|Any CPU.Build.0 = Release|Any CPU
		{ED6B4850-C3D9-4C8A-9FC3-E6C5281CDF75}.Debug|Any CPU.ActiveCfg = Debug|Any CPU
		{ED6B4850-C3D9-4C8A-9FC3-E6C5281CDF75}.Debug|Any CPU.Build.0 = Debug|Any CPU
		{ED6B4850-C3D9-4C8A-9FC3-E6C5281CDF75}.Release|Any CPU.ActiveCfg = Release|Any CPU
		{ED6B4850-C3D9-4C8A-9FC3-E6C5281CDF75}.Release|Any CPU.Build.0 = Release|Any CPU
		{6292C73B-C0E4-46A5-9F3A-E38FA141833F}.Debug|Any CPU.ActiveCfg = Debug|Any CPU
		{6292C73B-C0E4-46A5-9F3A-E38FA141833F}.Debug|Any CPU.Build.0 = Debug|Any CPU
		{6292C73B-C0E4-46A5-9F3A-E38FA141833F}.Release|Any CPU.ActiveCfg = Release|Any CPU
		{6292C73B-C0E4-46A5-9F3A-E38FA141833F}.Release|Any CPU.Build.0 = Release|Any CPU
		{272CC900-196D-4686-A717-D71C3840FA90}.Debug|Any CPU.ActiveCfg = Debug|Any CPU
		{272CC900-196D-4686-A717-D71C3840FA90}.Debug|Any CPU.Build.0 = Debug|Any CPU
		{272CC900-196D-4686-A717-D71C3840FA90}.Release|Any CPU.ActiveCfg = Release|Any CPU
		{272CC900-196D-4686-A717-D71C3840FA90}.Release|Any CPU.Build.0 = Release|Any CPU
	EndGlobalSection
	GlobalSection(SolutionProperties) = preSolution
		HideSolutionNode = FALSE
	EndGlobalSection
	GlobalSection(ExtensibilityGlobals) = postSolution
		SolutionGuid = {0A791DCD-7042-4535-B5E4-E53D5C9E9E27}
	EndGlobalSection
EndGlobal
